
Microsoft Visual Studio Solution File, Format Version 12.00
# Visual Studio Version 17
VisualStudioVersion = 17.10.34928.147
MinimumVisualStudioVersion = 10.0.40219.1
Project("{2150E333-8FDC-42A3-9474-1A3956D46DE8}") = "src", "src", "{96BE0531-C8C6-4359-BD91-05662C8015C4}"
EndProject
Project("{9A19103F-16F7-4668-BE54-9A1E7A4F7556}") = "PIM.API", "PIM.API\PIM.API.csproj", "{C6A4723A-CFE2-49A9-8D0E-1DB6FCE6EE5A}"
EndProject
Project("{FAE04EC0-301F-11D3-BF4B-00C04F79EFBC}") = "PIM.Models", "PIM.Models\PIM.Models.csproj", "{C09312B1-5580-411A-B7B4-D1311D67BE38}"
EndProject
Project("{FAE04EC0-301F-11D3-BF4B-00C04F79EFBC}") = "PIM.Repository", "PIM.Repository\PIM.Repository.csproj", "{610FCE0F-BF38-46EA-ADB6-7E383D8A60F5}"
EndProject
Global
	GlobalSection(SolutionConfigurationPlatforms) = preSolution
		Debug|Any CPU = Debug|Any CPU
		Release|Any CPU = Release|Any CPU
	EndGlobalSection
	GlobalSection(ProjectConfigurationPlatforms) = postSolution
		{C6A4723A-CFE2-49A9-8D0E-1DB6FCE6EE5A}.Debug|Any CPU.ActiveCfg = Debug|Any CPU
		{C6A4723A-CFE2-49A9-8D0E-1DB6FCE6EE5A}.Debug|Any CPU.Build.0 = Debug|Any CPU
		{C6A4723A-CFE2-49A9-8D0E-1DB6FCE6EE5A}.Release|Any CPU.ActiveCfg = Release|Any CPU
		{C6A4723A-CFE2-49A9-8D0E-1DB6FCE6EE5A}.Release|Any CPU.Build.0 = Release|Any CPU
		{C09312B1-5580-411A-B7B4-D1311D67BE38}.Debug|Any CPU.ActiveCfg = Debug|Any CPU
		{C09312B1-5580-411A-B7B4-D1311D67BE38}.Debug|Any CPU.Build.0 = Debug|Any CPU
		{C09312B1-5580-411A-B7B4-D1311D67BE38}.Release|Any CPU.ActiveCfg = Release|Any CPU
		{C09312B1-5580-411A-B7B4-D1311D67BE38}.Release|Any CPU.Build.0 = Release|Any CPU
		{610FCE0F-BF38-46EA-ADB6-7E383D8A60F5}.Debug|Any CPU.ActiveCfg = Debug|Any CPU
		{610FCE0F-BF38-46EA-ADB6-7E383D8A60F5}.Debug|Any CPU.Build.0 = Debug|Any CPU
		{610FCE0F-BF38-46EA-ADB6-7E383D8A60F5}.Release|Any CPU.ActiveCfg = Release|Any CPU
		{610FCE0F-BF38-46EA-ADB6-7E383D8A60F5}.Release|Any CPU.Build.0 = Release|Any CPU
	EndGlobalSection
	GlobalSection(SolutionProperties) = preSolution
		HideSolutionNode = FALSE
	EndGlobalSection
	GlobalSection(NestedProjects) = preSolution
		{C6A4723A-CFE2-49A9-8D0E-1DB6FCE6EE5A} = {96BE0531-C8C6-4359-BD91-05662C8015C4}
		{C09312B1-5580-411A-B7B4-D1311D67BE38} = {96BE0531-C8C6-4359-BD91-05662C8015C4}
		{610FCE0F-BF38-46EA-ADB6-7E383D8A60F5} = {96BE0531-C8C6-4359-BD91-05662C8015C4}
	EndGlobalSection
	GlobalSection(ExtensibilityGlobals) = postSolution
		SolutionGuid = {369BC1FA-14BB-4CD3-B6F8-1E3A1EE283F3}
	EndGlobalSection
EndGlobal
